{
  "name": "skincare-ingredient-research",
  "version": "1.0.0",
  "lockfileVersion": 3,
  "requires": true,
  "packages": {
    "": {
      "name": "skincare-ingredient-research",
      "version": "1.0.0",
      "devDependencies": {
        "pinyin-pro": "^3.18.2"
      }
    },
    "node_modules/pinyin-pro": {
      "version": "3.18.2",
      "resolved": "https://registry.npmjs.org/pinyin-pro/-/pinyin-pro-3.18.2.tgz",
      "integrity": "sha512-syJcc1Fc5a6mek365wRNKrU4DSYtnUZSbEHK6LN371mJXwSwTYx6Pmq5YYnkXUNihwWBdxBmfH8uCCKmQeU2VA==",
      "dev": true,
      "license": "MIT"
    }
  }
}
